
Microsoft Visual Studio Solution File, Format Version 12.00
# Visual Studio Version 16
VisualStudioVersion = 16.0.29827.131
MinimumVisualStudioVersion = 10.0.40219.1
Project("{9A19103F-16F7-4668-BE54-9A1E7A4F7556}") = "A_CSharpUdemy", "A_CSharpUdemy.csproj", "{760077A5-B62F-4925-84D0-168DAAFDA2FE}"
EndProject
Project("{9A19103F-16F7-4668-BE54-9A1E7A4F7556}") = "B_ControlFlow", "B_ControlFlow\B_ControlFlow.csproj", "{1491BFD1-D3B3-4C1D-9BD2-D3A703DB443A}"
EndProject
Project("{9A19103F-16F7-4668-BE54-9A1E7A4F7556}") = "C_ArraysCollections", "C_ArraysCollections\C_ArraysCollections.csproj", "{B9CA3244-BEEB-427E-9889-2EF36F96E118}"
EndProject
Project("{9A19103F-16F7-4668-BE54-9A1E7A4F7556}") = "D_OOP", "D_OOP\D_OOP.csproj", "{2B06F6A5-C30B-4C76-AAA7-B8D8F398F268}"
EndProject
Project("{9A19103F-16F7-4668-BE54-9A1E7A4F7556}") = "E_Exceptions", "E_Exceptions\E_Exceptions.csproj", "{24946215-6C69-4858-85C1-E8831CFA3732}"
EndProject
Project("{9A19103F-16F7-4668-BE54-9A1E7A4F7556}") = "F_Stream_FileStream", "F_Stream_FileStream\F_Stream_FileStream.csproj", "{F984B34D-F3DB-4D57-B247-E512692F7401}"
EndProject
Project("{FAE04EC0-301F-11D3-BF4B-00C04F79EFBC}") = "H_HomeWorks", "H_HomeWorks\H_HomeWorks.csproj", "{307C6045-6A29-4932-BB46-10EF9B6C7C5A}"
EndProject
Project("{FAE04EC0-301F-11D3-BF4B-00C04F79EFBC}") = "G_Linq_Lambda_Delegates", "G_Linq_Lambda_Delegates\G_Linq_Lambda_Delegates.csproj", "{D308F8DB-27C9-4445-AB4F-B5C02016F38F}"
EndProject
Global
	GlobalSection(SolutionConfigurationPlatforms) = preSolution
		Debug|Any CPU = Debug|Any CPU
		Release|Any CPU = Release|Any CPU
	EndGlobalSection
	GlobalSection(ProjectConfigurationPlatforms) = postSolution
		{760077A5-B62F-4925-84D0-168DAAFDA2FE}.Debug|Any CPU.ActiveCfg = Debug|Any CPU
		{760077A5-B62F-4925-84D0-168DAAFDA2FE}.Debug|Any CPU.Build.0 = Debug|Any CPU
		{760077A5-B62F-4925-84D0-168DAAFDA2FE}.Release|Any CPU.ActiveCfg = Release|Any CPU
		{760077A5-B62F-4925-84D0-168DAAFDA2FE}.Release|Any CPU.Build.0 = Release|Any CPU
		{1491BFD1-D3B3-4C1D-9BD2-D3A703DB443A}.Debug|Any CPU.ActiveCfg = Debug|Any CPU
		{1491BFD1-D3B3-4C1D-9BD2-D3A703DB443A}.Debug|Any CPU.Build.0 = Debug|Any CPU
		{1491BFD1-D3B3-4C1D-9BD2-D3A703DB443A}.Release|Any CPU.ActiveCfg = Release|Any CPU
		{1491BFD1-D3B3-4C1D-9BD2-D3A703DB443A}.Release|Any CPU.Build.0 = Release|Any CPU
		{B9CA3244-BEEB-427E-9889-2EF36F96E118}.Debug|Any CPU.ActiveCfg = Debug|Any CPU
		{B9CA3244-BEEB-427E-9889-2EF36F96E118}.Debug|Any CPU.Build.0 = Debug|Any CPU
		{B9CA3244-BEEB-427E-9889-2EF36F96E118}.Release|Any CPU.ActiveCfg = Release|Any CPU
		{B9CA3244-BEEB-427E-9889-2EF36F96E118}.Release|Any CPU.Build.0 = Release|Any CPU
		{2B06F6A5-C30B-4C76-AAA7-B8D8F398F268}.Debug|Any CPU.ActiveCfg = Debug|Any CPU
		{2B06F6A5-C30B-4C76-AAA7-B8D8F398F268}.Debug|Any CPU.Build.0 = Debug|Any CPU
		{2B06F6A5-C30B-4C76-AAA7-B8D8F398F268}.Release|Any CPU.ActiveCfg = Release|Any CPU
		{2B06F6A5-C30B-4C76-AAA7-B8D8F398F268}.Release|Any CPU.Build.0 = Release|Any CPU
		{24946215-6C69-4858-85C1-E8831CFA3732}.Debug|Any CPU.ActiveCfg = Debug|Any CPU
		{24946215-6C69-4858-85C1-E8831CFA3732}.Debug|Any CPU.Build.0 = Debug|Any CPU
		{24946215-6C69-4858-85C1-E8831CFA3732}.Release|Any CPU.ActiveCfg = Release|Any CPU
		{24946215-6C69-4858-85C1-E8831CFA3732}.Release|Any CPU.Build.0 = Release|Any CPU
		{F984B34D-F3DB-4D57-B247-E512692F7401}.Debug|Any CPU.ActiveCfg = Debug|Any CPU
		{F984B34D-F3DB-4D57-B247-E512692F7401}.Debug|Any CPU.Build.0 = Debug|Any CPU
		{F984B34D-F3DB-4D57-B247-E512692F7401}.Release|Any CPU.ActiveCfg = Release|Any CPU
		{F984B34D-F3DB-4D57-B247-E512692F7401}.Release|Any CPU.Build.0 = Release|Any CPU
		{307C6045-6A29-4932-BB46-10EF9B6C7C5A}.Debug|Any CPU.ActiveCfg = Debug|Any CPU
		{307C6045-6A29-4932-BB46-10EF9B6C7C5A}.Debug|Any CPU.Build.0 = Debug|Any CPU
		{307C6045-6A29-4932-BB46-10EF9B6C7C5A}.Release|Any CPU.ActiveCfg = Release|Any CPU
		{307C6045-6A29-4932-BB46-10EF9B6C7C5A}.Release|Any CPU.Build.0 = Release|Any CPU
		{D308F8DB-27C9-4445-AB4F-B5C02016F38F}.Debug|Any CPU.ActiveCfg = Debug|Any CPU
		{D308F8DB-27C9-4445-AB4F-B5C02016F38F}.Debug|Any CPU.Build.0 = Debug|Any CPU
		{D308F8DB-27C9-4445-AB4F-B5C02016F38F}.Release|Any CPU.ActiveCfg = Release|Any CPU
		{D308F8DB-27C9-4445-AB4F-B5C02016F38F}.Release|Any CPU.Build.0 = Release|Any CPU
	EndGlobalSection
	GlobalSection(SolutionProperties) = preSolution
		HideSolutionNode = FALSE
	EndGlobalSection
	GlobalSection(ExtensibilityGlobals) = postSolution
		SolutionGuid = {C8EF8BFF-3149-4BD5-9AB6-F4DE693D3505}
	EndGlobalSection
EndGlobal
